
Microsoft Visual Studio Solution File, Format Version 12.00
# Visual Studio 15
VisualStudioVersion = 15.0.28307.779
MinimumVisualStudioVersion = 10.0.40219.1
Project("{FAE04EC0-301F-11D3-BF4B-00C04F79EFBC}") = "SocialNetwork", "SocialNetwork\SocialNetwork.csproj", "{24985080-98AA-4AE0-BA32-2016863A4C81}"
EndProject
Global
	GlobalSection(SolutionConfigurationPlatforms) = preSolution
		Debug|Any CPU = Debug|Any CPU
		Release|Any CPU = Release|Any CPU
	EndGlobalSection
	GlobalSection(ProjectConfigurationPlatforms) = postSolution
		{24985080-98AA-4AE0-BA32-2016863A4C81}.Debug|Any CPU.ActiveCfg = Debug|Any CPU
		{24985080-98AA-4AE0-BA32-2016863A4C81}.Debug|Any CPU.Build.0 = Debug|Any CPU
		{24985080-98AA-4AE0-BA32-2016863A4C81}.Release|Any CPU.ActiveCfg = Release|Any CPU
		{24985080-98AA-4AE0-BA32-2016863A4C81}.Release|Any CPU.Build.0 = Release|Any CPU
	EndGlobalSection
	GlobalSection(SolutionProperties) = preSolution
		HideSolutionNode = FALSE
	EndGlobalSection
	GlobalSection(ExtensibilityGlobals) = postSolution
		SolutionGuid = {B83E9D48-1366-4483-BF86-1B933072A9AC}
	EndGlobalSection
EndGlobal
